
Microsoft Visual Studio Solution File, Format Version 12.00
# Visual Studio Version 16
VisualStudioVersion = 16.0.28809.33
MinimumVisualStudioVersion = 10.0.40219.1
Project("{9A19103F-16F7-4668-BE54-9A1E7A4F7556}") = "Gihan.Compiler", "Gihan.Compiler\Gihan.Compiler.csproj", "{016425F4-ED4B-492C-84D5-29A6AE3D635A}"
EndProject
Project("{9A19103F-16F7-4668-BE54-9A1E7A4F7556}") = "NUnitTest", "NUnitTest\NUnitTest.csproj", "{8466FEBE-6A61-46D4-AA9C-B79F05190AF1}"
EndProject
Project("{FAE04EC0-301F-11D3-BF4B-00C04F79EFBC}") = "Gihan.Compiler.Cli", "Gihan.Compiler.Cli\Gihan.Compiler.Cli.csproj", "{EF22E8FE-2451-4B2C-B47D-D5B633B503D1}"
EndProject
Global
	GlobalSection(SolutionConfigurationPlatforms) = preSolution
		Debug|Any CPU = Debug|Any CPU
		Release|Any CPU = Release|Any CPU
	EndGlobalSection
	GlobalSection(ProjectConfigurationPlatforms) = postSolution
		{016425F4-ED4B-492C-84D5-29A6AE3D635A}.Debug|Any CPU.ActiveCfg = Debug|Any CPU
		{016425F4-ED4B-492C-84D5-29A6AE3D635A}.Debug|Any CPU.Build.0 = Debug|Any CPU
		{016425F4-ED4B-492C-84D5-29A6AE3D635A}.Release|Any CPU.ActiveCfg = Release|Any CPU
		{016425F4-ED4B-492C-84D5-29A6AE3D635A}.Release|Any CPU.Build.0 = Release|Any CPU
		{8466FEBE-6A61-46D4-AA9C-B79F05190AF1}.Debug|Any CPU.ActiveCfg = Debug|Any CPU
		{8466FEBE-6A61-46D4-AA9C-B79F05190AF1}.Debug|Any CPU.Build.0 = Debug|Any CPU
		{8466FEBE-6A61-46D4-AA9C-B79F05190AF1}.Release|Any CPU.ActiveCfg = Release|Any CPU
		{8466FEBE-6A61-46D4-AA9C-B79F05190AF1}.Release|Any CPU.Build.0 = Release|Any CPU
		{EF22E8FE-2451-4B2C-B47D-D5B633B503D1}.Debug|Any CPU.ActiveCfg = Debug|Any CPU
		{EF22E8FE-2451-4B2C-B47D-D5B633B503D1}.Debug|Any CPU.Build.0 = Debug|Any CPU
		{EF22E8FE-2451-4B2C-B47D-D5B633B503D1}.Release|Any CPU.ActiveCfg = Release|Any CPU
		{EF22E8FE-2451-4B2C-B47D-D5B633B503D1}.Release|Any CPU.Build.0 = Release|Any CPU
	EndGlobalSection
	GlobalSection(SolutionProperties) = preSolution
		HideSolutionNode = FALSE
	EndGlobalSection
	GlobalSection(ExtensibilityGlobals) = postSolution
		SolutionGuid = {3FD56FA4-C902-45C8-9ECA-09D95793689B}
	EndGlobalSection
EndGlobal
